{
    "_meta": {
        "hash": {
            "sha256": "154ef37f4144e8fc79e25ef1f068089c27c04053650e291f6f4a653eb9d436a0"
        },
        "pipfile-spec": 6,
        "requires": {
            "python_version": "3.6"
        },
        "sources": [
            {
                "name": "pypi",
                "url": "https://pypi.org/simple",
                "verify_ssl": true
            }
        ]
    },
    "default": {
        "spidev": {
            "hashes": [
                "sha256:4314e52f573d95233c907f307558893313a8a606e197e77bb711526b0e179e80"
            ],
            "index": "pypi",
            "version": "==3.4"
        }
    },
    "develop": {}
}
